
Microsoft Visual Studio Solution File, Format Version 12.00
# Visual Studio Version 16
VisualStudioVersion = 16.0.31410.357
MinimumVisualStudioVersion = 10.0.40219.1
Project("{FAE04EC0-301F-11D3-BF4B-00C04F79EFBC}") = "YudaCoin.Api", "YudaCoin.Api\YudaCoin.Api.csproj", "{77ADC722-1EE6-4860-9DD9-284DC972F2D7}"
EndProject
Global
	GlobalSection(SolutionConfigurationPlatforms) = preSolution
		Debug|Any CPU = Debug|Any CPU
		Release|Any CPU = Release|Any CPU
	EndGlobalSection
	GlobalSection(ProjectConfigurationPlatforms) = postSolution
		{77ADC722-1EE6-4860-9DD9-284DC972F2D7}.Debug|Any CPU.ActiveCfg = Debug|Any CPU
		{77ADC722-1EE6-4860-9DD9-284DC972F2D7}.Debug|Any CPU.Build.0 = Debug|Any CPU
		{77ADC722-1EE6-4860-9DD9-284DC972F2D7}.Release|Any CPU.ActiveCfg = Release|Any CPU
		{77ADC722-1EE6-4860-9DD9-284DC972F2D7}.Release|Any CPU.Build.0 = Release|Any CPU
	EndGlobalSection
	GlobalSection(SolutionProperties) = preSolution
		HideSolutionNode = FALSE
	EndGlobalSection
	GlobalSection(ExtensibilityGlobals) = postSolution
		SolutionGuid = {97CBF8F2-8F5E-463A-A3FE-64E40B6BA2CA}
	EndGlobalSection
EndGlobal
